
Microsoft Visual Studio Solution File, Format Version 12.00
# Visual Studio Version 17
VisualStudioVersion = 17.9.34714.143
MinimumVisualStudioVersion = 10.0.40219.1
Project("{9A19103F-16F7-4668-BE54-9A1E7A4F7556}") = "asp_interpreter_exe", "asp_interpreter_exe\asp_interpreter_exe.csproj", "{8CB18950-BC6D-4100-8C5A-801B3E1812BC}"
EndProject
Project("{9A19103F-16F7-4668-BE54-9A1E7A4F7556}") = "asp_interpreter_lib", "asp_interpreter_lib\asp_interpreter_lib.csproj", "{6149581F-4FE8-4AC5-9745-DEB6C491ADA1}"
EndProject
Project("{9A19103F-16F7-4668-BE54-9A1E7A4F7556}") = "asp_interpreter_test", "asp_interpreter_test\asp_interpreter_test.csproj", "{4066E829-95A0-4971-AE75-A1FA414F2F63}"
EndProject
Project("{FAE04EC0-301F-11D3-BF4B-00C04F79EFBC}") = "ConsoleTest", "ConsoleTest\ConsoleTest.csproj", "{30FF3DED-46E2-4DFD-8FFF-40F908523E1A}"
EndProject
Global
	GlobalSection(SolutionConfigurationPlatforms) = preSolution
		Debug|Any CPU = Debug|Any CPU
		Release|Any CPU = Release|Any CPU
	EndGlobalSection
	GlobalSection(ProjectConfigurationPlatforms) = postSolution
		{8CB18950-BC6D-4100-8C5A-801B3E1812BC}.Debug|Any CPU.ActiveCfg = Debug|Any CPU
		{8CB18950-BC6D-4100-8C5A-801B3E1812BC}.Debug|Any CPU.Build.0 = Debug|Any CPU
		{8CB18950-BC6D-4100-8C5A-801B3E1812BC}.Release|Any CPU.ActiveCfg = Release|Any CPU
		{8CB18950-BC6D-4100-8C5A-801B3E1812BC}.Release|Any CPU.Build.0 = Release|Any CPU
		{6149581F-4FE8-4AC5-9745-DEB6C491ADA1}.Debug|Any CPU.ActiveCfg = Debug|Any CPU
		{6149581F-4FE8-4AC5-9745-DEB6C491ADA1}.Debug|Any CPU.Build.0 = Debug|Any CPU
		{6149581F-4FE8-4AC5-9745-DEB6C491ADA1}.Release|Any CPU.ActiveCfg = Release|Any CPU
		{6149581F-4FE8-4AC5-9745-DEB6C491ADA1}.Release|Any CPU.Build.0 = Release|Any CPU
		{4066E829-95A0-4971-AE75-A1FA414F2F63}.Debug|Any CPU.ActiveCfg = Debug|Any CPU
		{4066E829-95A0-4971-AE75-A1FA414F2F63}.Debug|Any CPU.Build.0 = Debug|Any CPU
		{4066E829-95A0-4971-AE75-A1FA414F2F63}.Release|Any CPU.ActiveCfg = Release|Any CPU
		{4066E829-95A0-4971-AE75-A1FA414F2F63}.Release|Any CPU.Build.0 = Release|Any CPU
		{30FF3DED-46E2-4DFD-8FFF-40F908523E1A}.Debug|Any CPU.ActiveCfg = Debug|Any CPU
		{30FF3DED-46E2-4DFD-8FFF-40F908523E1A}.Debug|Any CPU.Build.0 = Debug|Any CPU
		{30FF3DED-46E2-4DFD-8FFF-40F908523E1A}.Release|Any CPU.ActiveCfg = Release|Any CPU
		{30FF3DED-46E2-4DFD-8FFF-40F908523E1A}.Release|Any CPU.Build.0 = Release|Any CPU
	EndGlobalSection
	GlobalSection(SolutionProperties) = preSolution
		HideSolutionNode = FALSE
	EndGlobalSection
	GlobalSection(ExtensibilityGlobals) = postSolution
		SolutionGuid = {80B9DE68-9682-4119-9B7D-DA5E5B50D730}
	EndGlobalSection
EndGlobal
